Microsoft Visual Studio Solution File, Format Version 12.00
# Visual Studio Version 17
VisualStudioVersion = 17.5.2.0
MinimumVisualStudioVersion = 10.0.40219.1
Project("{FAE04EC0-301F-11D3-BF4B-00C04F79EFBC}") = "Gestao-FDC", "Gestao-FDC.csproj", "{5A96AB3F-2FDD-3B78-DC34-455FCFDC1F0E}"
EndProject
Project("{FAE04EC0-301F-11D3-BF4B-00C04F79EFBC}") = "Gestao_FDC.Tests", "Tests/Gestao_FDC.Tests.csproj", "{A5B6C7D8-E9F0-4A1B-8C2D-3E4F5A6B7C8D}"
EndProject
Global
	GlobalSection(SolutionConfigurationPlatforms) = preSolution
		Debug|Any CPU = Debug|Any CPU
		Release|Any CPU = Release|Any CPU
	EndGlobalSection
	GlobalSection(ProjectConfigurationPlatforms) = postSolution
		{5A96AB3F-2FDD-3B78-DC34-455FCFDC1F0E}.Debug|Any CPU.ActiveCfg = Debug|Any CPU
		{5A96AB3F-2FDD-3B78-DC34-455FCFDC1F0E}.Debug|Any CPU.Build.0 = Debug|Any CPU
		{5A96AB3F-2FDD-3B78-DC34-455FCFDC1F0E}.Release|Any CPU.ActiveCfg = Release|Any CPU
		{5A96AB3F-2FDD-3B78-DC34-455FCFDC1F0E}.Release|Any CPU.Build.0 = Release|Any CPU
		{A5B6C7D8-E9F0-4A1B-8C2D-3E4F5A6B7C8D}.Debug|Any CPU.ActiveCfg = Debug|Any CPU
		{A5B6C7D8-E9F0-4A1B-8C2D-3E4F5A6B7C8D}.Debug|Any CPU.Build.0 = Debug|Any CPU
		{A5B6C7D8-E9F0-4A1B-8C2D-3E4F5A6B7C8D}.Release|Any CPU.ActiveCfg = Release|Any CPU
		{A5B6C7D8-E9F0-4A1B-8C2D-3E4F5A6B7C8D}.Release|Any CPU.Build.0 = Release|Any CPU
	EndGlobalSection
	GlobalSection(SolutionProperties) = preSolution
		HideSolutionNode = FALSE
	EndGlobalSection
	GlobalSection(ExtensibilityGlobals) = postSolution
		SolutionGuid = {3D0DCA65-CD68-40E6-BD13-944E1B7E9DD0}
	EndGlobalSection
EndGlobal
